// !$*UTF8*$!
{
	archiveVersion = 1;
	classes = {
	};
	objectVersion = 50;
	objects = {

/* Begin PBXBuildFile section */
		767930B024C0CCBF0053A626 /* TimeCounter.swift in Sources */ = {isa = PBXBuildFile; fileRef = 767930AF24C0CCBF0053A626 /* TimeCounter.swift */; };
		76B35C2524BCDCFF006FC068 /* AppDelegate.swift in Sources */ = {isa = PBXBuildFile; fileRef = 76B35C2424BCDCFF006FC068 /* AppDelegate.swift */; };
		76B35C2724BCDCFF006FC068 /* SceneDelegate.swift in Sources */ = {isa = PBXBuildFile; fileRef = 76B35C2624BCDCFF006FC068 /* SceneDelegate.swift */; };
		76B35C2924BCDCFF006FC068 /* ContentView.swift in Sources */ = {isa = PBXBuildFile; fileRef = 76B35C2824BCDCFF006FC068 /* ContentView.swift */; };
		76B35C2B24BCDD05006FC068 /* Assets.xcassets in Resources */ = {isa = PBXBuildFile; fileRef = 76B35C2A24BCDD05006FC068 /* Assets.xcassets */; };
		76B35C2E24BCDD05006FC068 /* Preview Assets.xcassets in Resources */ = {isa = PBXBuildFile; fileRef = 76B35C2D24BCDD05006FC068 /* Preview Assets.xcassets */; };
		76B35C3124BCDD05006FC068 /* LaunchScreen.storyboard in Resources */ = {isa = PBXBuildFile; fileRef = 76B35C2F24BCDD05006FC068 /* LaunchScreen.storyboard */; };
/* End PBXBuildFile section */

/* Begin PBXFileReference section */
		767930AF24C0CCBF0053A626 /* TimeCounter.swift */ = {isa = PBXFileReference; lastKnownFileType = sourcecode.swift; path = TimeCounter.swift; sourceTree = "<group>"; };
		76B35C2124BCDCFF006FC068 /* RGBullsEye.app */ = {isa = PBXFileReference; explicitFileType = wrapper.application; includeInIndex = 0; path = RGBullsEye.app; sourceTree = BUILT_PRODUCTS_DIR; };
		76B35C2424BCDCFF006FC068 /* AppDelegate.swift */ = {isa = PBXFileReference; lastKnownFileType = sourcecode.swift; path = AppDelegate.swift; sourceTree = "<group>"; };
		76B35C2624BCDCFF006FC068 /* SceneDelegate.swift */ = {isa = PBXFileReference; lastKnownFileType = sourcecode.swift; path = SceneDelegate.swift; sourceTree = "<group>"; };
		76B35C2824BCDCFF006FC068 /* ContentView.swift */ = {isa = PBXFileReference; lastKnownFileType = sourcecode.swift; path = ContentView.swift; sourceTree = "<group>"; };
		76B35C2A24BCDD05006FC068 /* Assets.xcassets */ = {isa = PBXFileReference; lastKnownFileType = folder.assetcatalog; path = Assets.xcassets; sourceTree = "<group>"; };
		76B35C2D24BCDD05006FC068 /* Preview Assets.xcassets */ = {isa = PBXFileReference; lastKnownFileType = folder.assetcatalog; path = "Preview Assets.xcassets"; sourceTree = "<group>"; };
		76B35C3024BCDD05006FC068 /* Base */ = {isa = PBXFileReference; lastKnownFileType = file.storyboard; name = Base; path = Base.lproj/LaunchScreen.storyboard; sourceTree = "<group>"; };
		76B35C3224BCDD05006FC068 /* Info.plist */ = {isa = PBXFileReference; lastKnownFileType = text.plist.xml; path = Info.plist; sourceTree = "<group>"; };
/* End PBXFileReference section */

/* Begin PBXFrameworksBuildPhase section */
		76B35C1E24BCDCFF006FC068 /* Frameworks */ = {
			isa = PBXFrameworksBuildPhase;
			buildActionMask = 2147483647;
			files = (
			);
			runOnlyForDeploymentPostprocessing = 0;
		};
/* End PBXFrameworksBuildPhase section */

/* Begin PBXGroup section */
		76B35C1824BCDCFF006FC068 = {
			isa = PBXGroup;
			children = (
				76B35C2324BCDCFF006FC068 /* RGBullsEye */,
				76B35C2224BCDCFF006FC068 /* Products */,
			);
			sourceTree = "<group>";
		};
		76B35C2224BCDCFF006FC068 /* Products */ = {
			isa = PBXGroup;
			children = (
				76B35C2124BCDCFF006FC068 /* RGBullsEye.app */,
			);
			name = Products;
			sourceTree = "<group>";
		};
		76B35C2324BCDCFF006FC068 /* RGBullsEye */ = {
			isa = PBXGroup;
			children = (
				76B35C2424BCDCFF006FC068 /* AppDelegate.swift */,
				76B35C2624BCDCFF006FC068 /* SceneDelegate.swift */,
				767930AF24C0CCBF0053A626 /* TimeCounter.swift */,
				76B35C2824BCDCFF006FC068 /* ContentView.swift */,
				76B35C2A24BCDD05006FC068 /* Assets.xcassets */,
				76B35C2F24BCDD05006FC068 /* LaunchScreen.storyboard */,
				76B35C3224BCDD05006FC068 /* Info.plist */,
				76B35C2C24BCDD05006FC068 /* Preview Content */,
			);
			path = RGBullsEye;
			sourceTree = "<group>";
		};
		76B35C2C24BCDD05006FC068 /* Preview Content */ = {
			isa = PBXGroup;
			children = (
				76B35C2D24BCDD05006FC068 /* Preview Assets.xcassets */,
			);
			path = "Preview Content";
			sourceTree = "<group>";
		};
/* End PBXGroup section */

/* Begin PBXNativeTarget section */
		76B35C2024BCDCFF006FC068 /* RGBullsEye */ = {
			isa = PBXNativeTarget;
			buildConfigurationList = 76B35C3524BCDD05006FC068 /* Build configuration list for PBXNativeTarget "RGBullsEye" */;
			buildPhases = (
				76B35C1D24BCDCFF006FC068 /* Sources */,
				76B35C1E24BCDCFF006FC068 /* Frameworks */,
				76B35C1F24BCDCFF006FC068 /* Resources */,
			);
			buildRules = (
			);
			dependencies = (
			);
			name = RGBullsEye;
			productName = RGBullsEye;
			productReference = 76B35C2124BCDCFF006FC068 /* RGBullsEye.app */;
			productType = "com.apple.product-type.application";
		};
/* End PBXNativeTarget section */

/* Begin PBXProject section */
		76B35C1924BCDCFF006FC068 /* Project object */ = {
			isa = PBXProject;
			attributes = {
				LastSwiftUpdateCheck = 1120;
				LastUpgradeCheck = 1120;
				ORGANIZATIONNAME = "Himanshu Rajput";
				TargetAttributes = {
					76B35C2024BCDCFF006FC068 = {
						CreatedOnToolsVersion = 11.2.1;
					};
				};
			};
			buildConfigurationList = 76B35C1C24BCDCFF006FC068 /* Build configuration list for PBXProject "RGBullsEye" */;
			compatibilityVersion = "Xcode 9.3";
			developmentRegion = en;
			hasScannedForEncodings = 0;
			knownRegions = (
				en,
				Base,
			);
			mainGroup = 76B35C1824BCDCFF006FC068;
			productRefGroup = 76B35C2224BCDCFF006FC068 /* Products */;
			projectDirPath = "";
			projectRoot = "";
			targets = (
				76B35C2024BCDCFF006FC068 /* RGBullsEye */,
			);
		};
/* End PBXProject section */

/* Begin PBXResourcesBuildPhase section */
		76B35C1F24BCDCFF006FC068 /* Resources */ = {
			isa = PBXResourcesBuildPhase;
			buildActionMask = 2147483647;
			files = (
				76B35C3124BCDD05006FC068 /* LaunchScreen.storyboard in Resources */,
				76B35C2E24BCDD05006FC068 /* Preview Assets.xcassets in Resources */,
				76B35C2B24BCDD05006FC068 /* Assets.xcassets in Resources */,
			);
			runOnlyForDeploymentPostprocessing = 0;
		};
/* End PBXResourcesBuildPhase section */

/* Begin PBXSourcesBuildPhase section */
		76B35C1D24BCDCFF006FC068 /* Sources */ = {
			isa = PBXSourcesBuildPhase;
			buildActionMask = 2147483647;
			files = (
				76B35C2524BCDCFF006FC068 /* AppDelegate.swift in Sources */,
				76B35C2724BCDCFF006FC068 /* SceneDelegate.swift in Sources */,
				76B35C2924BCDCFF006FC068 /* ContentView.swift in Sources */,
				767930B024C0CCBF0053A626 /* TimeCounter.swift in Sources */,
			);
			runOnlyForDeploymentPostprocessing = 0;
		};
/* End PBXSourcesBuildPhase section */

/* Begin PBXVariantGroup section */
		76B35C2F24BCDD05006FC068 /* LaunchScreen.storyboard */ = {
			isa = PBXVariantGroup;
			children = (
				76B35C3024BCDD05006FC068 /* Base */,
			);
			name = LaunchScreen.storyboard;
			sourceTree = "<group>";
		};
/* End PBXVariantGroup section */

/* Begin XCBuildConfiguration section */
		76B35C3324BCDD05006FC068 /* Debug */ = {
			isa = XCBuildConfiguration;
			buildSettings = {
				ALWAYS_SEARCH_USER_PATHS = NO;
				CLANG_ANALYZER_NONNULL = YES;
				CLANG_ANALYZER_NUMBER_OBJECT_CONVERSION = YES_AGGRESSIVE;
				CLANG_CXX_LANGUAGE_STANDARD = "gnu++14";
				CLANG_CXX_LIBRARY = "libc++";
				CLANG_ENABLE_MODULES = YES;
				CLANG_ENABLE_OBJC_ARC = YES;
				CLANG_ENABLE_OBJC_WEAK = YES;
				CLANG_WARN_BLOCK_CAPTURE_AUTORELEASING = YES;
				CLANG_WARN_BOOL_CONVERSION = YES;
				CLANG_WARN_COMMA = YES;
				CLANG_WARN_CONSTANT_CONVERSION = YES;
				CLANG_WARN_DEPRECATED_OBJC_IMPLEMENTATIONS = YES;
				CLANG_WARN_DIRECT_OBJC_ISA_USAGE = YES_ERROR;
				CLANG_WARN_DOCUMENTATION_COMMENTS = YES;
				CLANG_WARN_EMPTY_BODY = YES;
				CLANG_WARN_ENUM_CONVERSION = YES;
				CLANG_WARN_INFINITE_RECURSION = YES;
				CLANG_WARN_INT_CONVERSION = YES;
				CLANG_WARN_NON_LITERAL_NULL_CONVERSION = YES;
				CLANG_WARN_OBJC_IMPLICIT_RETAIN_SELF = YES;
				CLANG_WARN_OBJC_LITERAL_CONVERSION = YES;
				CLANG_WARN_OBJC_ROOT_CLASS = YES_ERROR;
				CLANG_WARN_RANGE_LOOP_ANALYSIS = YES;
				CLANG_WARN_STRICT_PROTOTYPES = YES;
				CLANG_WARN_SUSPICIOUS_MOVE = YES;
				CLANG_WARN_UNGUARDED_AVAILABILITY = YES_AGGRESSIVE;
				CLANG_WARN_UNREACHABLE_CODE = YES;
				CLANG_WARN__DUPLICATE_METHOD_MATCH = YES;
				COPY_PHASE_STRIP = NO;
				DEBUG_INFORMATION_FORMAT = dwarf;
				ENABLE_STRICT_OBJC_MSGSEND = YES;
				ENABLE_TESTABILITY = YES;
				GCC_C_LANGUAGE_STANDARD = gnu11;
				GCC_DYNAMIC_NO_PIC = NO;
				GCC_NO_COMMON_BLOCKS = YES;
				GCC_OPTIMIZATION_LEVEL = 0;
				GCC_PREPROCESSOR_DEFINITIONS = (
					"DEBUG=1",
					"$(inherited)",
				);
				GCC_WARN_64_TO_32_BIT_CONVERSION = YES;
				GCC_WARN_ABOUT_RETURN_TYPE = YES_ERROR;
				GCC_WARN_UNDECLARED_SELECTOR = YES;
				GCC_WARN_UNINITIALIZED_AUTOS = YES_AGGRESSIVE;
				GCC_WARN_UNUSED_FUNCTION = YES;
				GCC_WARN_UNUSED_VARIABLE = YES;
				IPHONEOS_DEPLOYMENT_TARGET = 13.2;
				MTL_ENABLE_DEBUG_INFO = INCLUDE_SOURCE;
				MTL_FAST_MATH = YES;
				ONLY_ACTIVE_ARCH = YES;
				SDKROOT = iphoneos;
				SWIFT_ACTIVE_COMPILATION_CONDITIONS = DEBUG;
				SWIFT_OPTIMIZATION_LEVEL = "-Onone";
			};
			name = Debug;
		};
		76B35C3424BCDD05006FC068 /* Release */ = {
			isa = XCBuildConfiguration;
			buildSettings = {
				ALWAYS_SEARCH_USER_PATHS = NO;
				CLANG_ANALYZER_NONNULL = YES;
				CLANG_ANALYZER_NUMBER_OBJECT_CONVERSION = YES_AGGRESSIVE;
				CLANG_CXX_LANGUAGE_STANDARD = "gnu++14";
				CLANG_CXX_LIBRARY = "libc++";
				CLANG_ENABLE_MODULES = YES;
				CLANG_ENABLE_OBJC_ARC = YES;
				CLANG_ENABLE_OBJC_WEAK = YES;
				CLANG_WARN_BLOCK_CAPTURE_AUTORELEASING = YES;
				CLANG_WARN_BOOL_CONVERSION = YES;
				CLANG_WARN_COMMA = YES;
				CLANG_WARN_CONSTANT_CONVERSION = YES;
				CLANG_WARN_DEPRECATED_OBJC_IMPLEMENTATIONS = YES;
				CLANG_WARN_DIRECT_OBJC_ISA_USAGE = YES_ERROR;
				CLANG_WARN_DOCUMENTATION_COMMENTS = YES;
				CLANG_WARN_EMPTY_BODY = YES;
				CLANG_WARN_ENUM_CONVERSION = YES;
				CLANG_WARN_INFINITE_RECURSION = YES;
				CLANG_WARN_INT_CONVERSION = YES;
				CLANG_WARN_NON_LITERAL_NULL_CONVERSION = YES;
				CLANG_WARN_OBJC_IMPLICIT_RETAIN_SELF = YES;
				CLANG_WARN_OBJC_LITERAL_CONVERSION = YES;
				CLANG_WARN_OBJC_ROOT_CLASS = YES_ERROR;
				CLANG_WARN_RANGE_LOOP_ANALYSIS = YES;
				CLANG_WARN_STRICT_PROTOTYPES = YES;
				CLANG_WARN_SUSPICIOUS_MOVE = YES;
				CLANG_WARN_UNGUARDED_AVAILABILITY = YES_AGGRESSIVE;
				CLANG_WARN_UNREACHABLE_CODE = YES;
				CLANG_WARN__DUPLICATE_METHOD_MATCH = YES;
				COPY_PHASE_STRIP = NO;
				DEBUG_INFORMATION_FORMAT = "dwarf-with-dsym";
				ENABLE_NS_ASSERTIONS = NO;
				ENABLE_STRICT_OBJC_MSGSEND = YES;
				GCC_C_LANGUAGE_STANDARD = gnu11;
				GCC_NO_COMMON_BLOCKS = YES;
				GCC_WARN_64_TO_32_BIT_CONVERSION = YES;
				GCC_WARN_ABOUT_RETURN_TYPE = YES_ERROR;
				GCC_WARN_UNDECLARED_SELECTOR = YES;
				GCC_WARN_UNINITIALIZED_AUTOS = YES_AGGRESSIVE;
				GCC_WARN_UNUSED_FUNCTION = YES;
				GCC_WARN_UNUSED_VARIABLE = YES;
				IPHONEOS_DEPLOYMENT_TARGET = 13.2;
				MTL_ENABLE_DEBUG_INFO = NO;
				MTL_FAST_MATH = YES;
				SDKROOT = iphoneos;
				SWIFT_COMPILATION_MODE = wholemodule;
				SWIFT_OPTIMIZATION_LEVEL = "-O";
				VALIDATE_PRODUCT = YES;
			};
			name = Release;
		};
		76B35C3624BCDD05006FC068 /* Debug */ = {
			isa = XCBuildConfiguration;
			buildSettings = {
				ASSETCATALOG_COMPILER_APPICON_NAME = AppIcon;
				CODE_SIGN_STYLE = Automatic;
				DEVELOPMENT_ASSET_PATHS = "\"RGBullsEye/Preview Content\"";
				ENABLE_PREVIEWS = YES;
				INFOPLIST_FILE = RGBullsEye/Info.plist;
				LD_RUNPATH_SEARCH_PATHS = (
					"$(inherited)",
					"@executable_path/Frameworks",
				);
				PRODUCT_BUNDLE_IDENTIFIER = "Himanshu-Rajput.RGBullsEye";
				PRODUCT_NAME = "$(TARGET_NAME)";
				SWIFT_VERSION = 5.0;
				TARGETED_DEVICE_FAMILY = "1,2";
			};
			name = Debug;
		};
		76B35C3724BCDD05006FC068 /* Release */ = {
			isa = XCBuildConfiguration;
			buildSettings = {
				ASSETCATALOG_COMPILER_APPICON_NAME = AppIcon;
				CODE_SIGN_STYLE = Automatic;
				DEVELOPMENT_ASSET_PATHS = "\"RGBullsEye/Preview Content\"";
				ENABLE_PREVIEWS = YES;
				INFOPLIST_FILE = RGBullsEye/Info.plist;
				LD_RUNPATH_SEARCH_PATHS = (
					"$(inherited)",
					"@executable_path/Frameworks",
				);
				PRODUCT_BUNDLE_IDENTIFIER = "Himanshu-Rajput.RGBullsEye";
				PRODUCT_NAME = "$(TARGET_NAME)";
				SWIFT_VERSION = 5.0;
				TARGETED_DEVICE_FAMILY = "1,2";
			};
			name = Release;
		};
/* End XCBuildConfiguration section */

/* Begin XCConfigurationList section */
		76B35C1C24BCDCFF006FC068 /* Build configuration list for PBXProject "RGBullsEye" */ = {
			isa = XCConfigurationList;
			buildConfigurations = (
				76B35C3324BCDD05006FC068 /* Debug */,
				76B35C3424BCDD05006FC068 /* Release */,
			);
			defaultConfigurationIsVisible = 0;
			defaultConfigurationName = Release;
		};
		76B35C3524BCDD05006FC068 /* Build configuration list for PBXNativeTarget "RGBullsEye" */ = {
			isa = XCConfigurationList;
			buildConfigurations = (
				76B35C3624BCDD05006FC068 /* Debug */,
				76B35C3724BCDD05006FC068 /* Release */,
			);
			defaultConfigurationIsVisible = 0;
			defaultConfigurationName = Release;
		};
/* End XCConfigurationList section */
	};
	rootObject = 76B35C1924BCDCFF006FC068 /* Project object */;
}
